{
  "requires": true,
  "lockfileVersion": 1,
  "dependencies": {
    "clippyjs": {
      "version": "0.0.3",
      "resolved": "https://registry.npmjs.org/clippyjs/-/clippyjs-0.0.3.tgz",
      "integrity": "sha512-i4sPaKbCA6PfXiwxNK35E1io6AXN7VGwEGZR9sE8RqOgXPNtRWKbFubmx87JwSuwIrdClO/rkTMjhl2ZyOHjug==",
      "requires": {
        "jquery": "3.3.1"
      }
    },
    "jquery": {
      "version": "3.3.1",
      "resolved": "https://registry.npmjs.org/jquery/-/jquery-3.3.1.tgz",
      "integrity": "sha512-Ubldcmxp5np52/ENotGxlLe6aGMvmF4R8S6tZjsP6Knsaxd/xp3Zrh50cG93lR6nPXyUFwzN3ZSOQI0wRJNdGg=="
    }
  }
}
